<?xml version="1.0" encoding="utf-8"?>
<Project ToolsVersion="4.0" xmlns="http://schemas.microsoft.com/developer/msbuild/2003">
  <ItemGroup>
    <ClInclude Include="targetver.h" />
    <ClInclude Include="stdafx.h" />
    <ClInclude Include="Systems\Window.h" />
    <ClInclude Include="Utils\GDIUtils.h">
      <Filter>Utils</Filter>
    </ClInclude>
    <ClInclude Include="Systems\Time.h" />
    <ClInclude Include="Program.h" />
    <ClInclude Include="Utils\Vector.h">
      <Filter>Utils</Filter>
    </ClInclude>
    <ClInclude Include="Systems\Input.h" />
    <ClInclude Include="Rect.h" />
  </ItemGroup>
  <ItemGroup>
    <ClCompile Include="stdafx.cpp" />
    <ClCompile Include="Main.cpp" />
    <ClCompile Include="Systems\Window.cpp" />
    <ClCompile Include="Utils\GDIUtils.cpp">
      <Filter>Utils</Filter>
    </ClCompile>
    <ClCompile Include="Systems\Time.cpp" />
    <ClCompile Include="Program.cpp" />
    <ClCompile Include="Systems\Input.cpp" />
    <ClCompile Include="Rect.cpp" />
  </ItemGroup>
  <ItemGroup>
    <Filter Include="Utils">
      <UniqueIdentifier>{d096716e-bf6e-416a-9cbf-253473823bf3}</UniqueIdentifier>
    </Filter>
  </ItemGroup>
</Project>